{
    "hash": "5ecf37e1a407bb3b220fdd2dba009854",
    "packages": [
        {
            "package": "mockery/mockery",
            "version": "dev-master",
            "source-reference": "2c5e3244b72d268d8c70935fcceb39b3d84d57db"
        },
        {
            "package": "symfony/http-foundation",
            "version": "v2.0.12"
        }
    ],
    "aliases": []
}
