{
    "hash": "920d9ffe4dae36a1b8f5cfb03503d544",
    "packages": [
        {
            "package": "mikey179/vfsStream",
            "version": "1.0.0-beta4"
        },
        {
            "package": "mockery/mockery",
            "version": "0.7.2"
        },
        {
            "package": "symfony/http-foundation",
            "version": "v2.0.12"
        },
        {
            "package": "twig/twig",
            "version": "1.6.3"
        }
    ],
    "aliases": []
}
